
Microsoft Visual Studio Solution File, Format Version 11.00
# Visual Studio 2010
Project("{8BC9CEB8-8B4A-11D0-8D11-00A0C91BC942}") = "WinAPI++", "WinAPI++-MSVC100.vcxproj", "{CAB926BF-E0C5-4DF6-A69C-42F2DD26A4AF}"
EndProject
Global
	GlobalSection(SolutionConfigurationPlatforms) = preSolution
		[R][S] Static Library|Win32 = [R][S] Static Library|Win32
		Debug SLL|Win32 = Debug SLL|Win32
	EndGlobalSection
	GlobalSection(ProjectConfigurationPlatforms) = postSolution
		{CAB926BF-E0C5-4DF6-A69C-42F2DD26A4AF}.[R][S] Static Library|Win32.ActiveCfg = [R][S] Static Library|Win32
		{CAB926BF-E0C5-4DF6-A69C-42F2DD26A4AF}.[R][S] Static Library|Win32.Build.0 = [R][S] Static Library|Win32
		{CAB926BF-E0C5-4DF6-A69C-42F2DD26A4AF}.Debug SLL|Win32.ActiveCfg = Debug SLL|Win32
		{CAB926BF-E0C5-4DF6-A69C-42F2DD26A4AF}.Debug SLL|Win32.Build.0 = Debug SLL|Win32
	EndGlobalSection
	GlobalSection(SolutionProperties) = preSolution
		HideSolutionNode = FALSE
	EndGlobalSection
EndGlobal
